
Microsoft Visual Studio Solution File, Format Version 11.00
# Visual Web Developer Express 2010
Project("{FAE04EC0-301F-11D3-BF4B-00C04F79EFBC}") = "Spending", "Spending\Spending.csproj", "{46AB8CEC-8359-4E84-B9FA-E98B2DFB784D}"
EndProject
Global
	GlobalSection(SolutionConfigurationPlatforms) = preSolution
		Debug|Any CPU = Debug|Any CPU
		Release|Any CPU = Release|Any CPU
	EndGlobalSection
	GlobalSection(ProjectConfigurationPlatforms) = postSolution
		{46AB8CEC-8359-4E84-B9FA-E98B2DFB784D}.Debug|Any CPU.ActiveCfg = Debug|Any CPU
		{46AB8CEC-8359-4E84-B9FA-E98B2DFB784D}.Debug|Any CPU.Build.0 = Debug|Any CPU
		{46AB8CEC-8359-4E84-B9FA-E98B2DFB784D}.Release|Any CPU.ActiveCfg = Release|Any CPU
		{46AB8CEC-8359-4E84-B9FA-E98B2DFB784D}.Release|Any CPU.Build.0 = Release|Any CPU
	EndGlobalSection
	GlobalSection(SolutionProperties) = preSolution
		HideSolutionNode = FALSE
	EndGlobalSection
EndGlobal
